
Microsoft Visual Studio Solution File, Format Version 12.00
# Visual Studio Version 16
VisualStudioVersion = 16.0.30011.22
MinimumVisualStudioVersion = 10.0.40219.1
Project("{8BC9CEB8-8B4A-11D0-8D11-00A0C91BC942}") = "main", "vs.vcxproj", "{F60685C5-157D-499C-A88A-A9142CB63BB6}"
EndProject
Project("{8BC9CEB8-8B4A-11D0-8D11-00A0C91BC942}") = "unit-test", "unit-test\unit-test.vcxproj", "{5EB186ED-8FCC-46E9-88DB-9906619A3F59}"
EndProject
Global
	GlobalSection(SolutionConfigurationPlatforms) = preSolution
		Debug|x64 = Debug|x64
		Debug|x86 = Debug|x86
		Release|x64 = Release|x64
		Release|x86 = Release|x86
	EndGlobalSection
	GlobalSection(ProjectConfigurationPlatforms) = postSolution
		{F60685C5-157D-499C-A88A-A9142CB63BB6}.Debug|x64.ActiveCfg = Debug|x64
		{F60685C5-157D-499C-A88A-A9142CB63BB6}.Debug|x64.Build.0 = Debug|x64
		{F60685C5-157D-499C-A88A-A9142CB63BB6}.Debug|x86.ActiveCfg = Debug|Win32
		{F60685C5-157D-499C-A88A-A9142CB63BB6}.Debug|x86.Build.0 = Debug|Win32
		{F60685C5-157D-499C-A88A-A9142CB63BB6}.Release|x64.ActiveCfg = Release|x64
		{F60685C5-157D-499C-A88A-A9142CB63BB6}.Release|x64.Build.0 = Release|x64
		{F60685C5-157D-499C-A88A-A9142CB63BB6}.Release|x86.ActiveCfg = Release|Win32
		{F60685C5-157D-499C-A88A-A9142CB63BB6}.Release|x86.Build.0 = Release|Win32
		{5EB186ED-8FCC-46E9-88DB-9906619A3F59}.Debug|x64.ActiveCfg = Debug|x64
		{5EB186ED-8FCC-46E9-88DB-9906619A3F59}.Debug|x64.Build.0 = Debug|x64
		{5EB186ED-8FCC-46E9-88DB-9906619A3F59}.Debug|x86.ActiveCfg = Debug|Win32
		{5EB186ED-8FCC-46E9-88DB-9906619A3F59}.Debug|x86.Build.0 = Debug|Win32
		{5EB186ED-8FCC-46E9-88DB-9906619A3F59}.Release|x64.ActiveCfg = Release|x64
		{5EB186ED-8FCC-46E9-88DB-9906619A3F59}.Release|x64.Build.0 = Release|x64
		{5EB186ED-8FCC-46E9-88DB-9906619A3F59}.Release|x86.ActiveCfg = Release|Win32
		{5EB186ED-8FCC-46E9-88DB-9906619A3F59}.Release|x86.Build.0 = Release|Win32
	EndGlobalSection
	GlobalSection(SolutionProperties) = preSolution
		HideSolutionNode = FALSE
	EndGlobalSection
	GlobalSection(ExtensibilityGlobals) = postSolution
		SolutionGuid = {FF4A466D-E041-45ED-A441-C7B39A32D665}
	EndGlobalSection
EndGlobal
